
Microsoft Visual Studio Solution File, Format Version 12.00
# Visual Studio Version 17
VisualStudioVersion = 17.13.35825.156 d17.13
MinimumVisualStudioVersion = 10.0.40219.1
Project("{FAE04EC0-301F-11D3-BF4B-00C04F79EFBC}") = "BulkyWeb", "BulkyWeb\BulkyWeb.csproj", "{652A4D84-B05B-4CFC-853B-73A4C6B89C67}"
EndProject
Global
	GlobalSection(SolutionConfigurationPlatforms) = preSolution
		Debug|Any CPU = Debug|Any CPU
		Release|Any CPU = Release|Any CPU
	EndGlobalSection
	GlobalSection(ProjectConfigurationPlatforms) = postSolution
		{652A4D84-B05B-4CFC-853B-73A4C6B89C67}.Debug|Any CPU.ActiveCfg = Debug|Any CPU
		{652A4D84-B05B-4CFC-853B-73A4C6B89C67}.Debug|Any CPU.Build.0 = Debug|Any CPU
		{652A4D84-B05B-4CFC-853B-73A4C6B89C67}.Release|Any CPU.ActiveCfg = Release|Any CPU
		{652A4D84-B05B-4CFC-853B-73A4C6B89C67}.Release|Any CPU.Build.0 = Release|Any CPU
	EndGlobalSection
	GlobalSection(SolutionProperties) = preSolution
		HideSolutionNode = FALSE
	EndGlobalSection
	GlobalSection(ExtensibilityGlobals) = postSolution
		SolutionGuid = {0BA3C39E-82EB-44F9-9726-13AAE6531DFC}
	EndGlobalSection
EndGlobal
